lockfileVersion: '9.0'

settings:
  autoInstallPeers: true
  excludeLinksFromLockfile: false

importers:

  .:
    dependencies:
      '@prisma/client':
        specifier: 5.19.1
        version: 5.19.1(prisma@5.19.1)
      cors:
        specifier: ^2.8.5
        version: 2.8.5
    devDependencies:
      '@types/cors':
        specifier: ^2.8.17
        version: 2.8.17
      '@types/express':
        specifier: ^4.17.21
        version: 4.17.21
      '@types/node':
        specifier: ^22.5.3
        version: 22.5.3
      prisma:
        specifier: ^5.19.1
        version: 5.19.1
      typescript:
        specifier: ^5.5.4
        version: 5.5.4

packages:

  '@prisma/client@5.19.1':
    resolution: {integrity: sha512-x30GFguInsgt+4z5I4WbkZP2CGpotJMUXy+Gl/aaUjHn2o1DnLYNTA+q9XdYmAQZM8fIIkvUiA2NpgosM3fneg==}
    engines: {node: '>=16.13'}
    peerDependencies:
      prisma: '*'
    peerDependenciesMeta:
      prisma:
        optional: true

  '@prisma/debug@5.19.1':
    resolution: {integrity: sha512-lAG6A6QnG2AskAukIEucYJZxxcSqKsMK74ZFVfCTOM/7UiyJQi48v6TQ47d6qKG3LbMslqOvnTX25dj/qvclGg==}

  '@prisma/engines-version@5.19.1-2.69d742ee20b815d88e17e54db4a2a7a3b30324e3':
    resolution: {integrity: sha512-xR6rt+z5LnNqTP5BBc+8+ySgf4WNMimOKXRn6xfNRDSpHvbOEmd7+qAOmzCrddEc4Cp8nFC0txU14dstjH7FXA==}

  '@prisma/engines@5.19.1':
    resolution: {integrity: sha512-kR/PoxZDrfUmbbXqqb8SlBBgCjvGaJYMCOe189PEYzq9rKqitQ2fvT/VJ8PDSe8tTNxhc2KzsCfCAL+Iwm/7Cg==}

  '@prisma/fetch-engine@5.19.1':
    resolution: {integrity: sha512-pCq74rtlOVJfn4pLmdJj+eI4P7w2dugOnnTXpRilP/6n5b2aZiA4ulJlE0ddCbTPkfHmOL9BfaRgA8o+1rfdHw==}

  '@prisma/get-platform@5.19.1':
    resolution: {integrity: sha512-sCeoJ+7yt0UjnR+AXZL7vXlg5eNxaFOwC23h0KvW1YIXUoa7+W2ZcAUhoEQBmJTW4GrFqCuZ8YSP0mkDa4k3Zg==}

  '@types/body-parser@1.19.5':
    resolution: {integrity: sha512-fB3Zu92ucau0iQ0JMCFQE7b/dv8Ot07NI3KaZIkIUNXq82k4eBAqUaneXfleGY9JWskeS9y+u0nXMyspcuQrCg==}

  '@types/connect@3.4.38':
    resolution: {integrity: sha512-K6uROf1LD88uDQqJCktA4yzL1YYAK6NgfsI0v/mTgyPKWsX1CnJ0XPSDhViejru1GcRkLWb8RlzFYJRqGUbaug==}

  '@types/cors@2.8.17':
    resolution: {integrity: sha512-8CGDvrBj1zgo2qE+oS3pOCyYNqCPryMWY2bGfwA0dcfopWGgxs+78df0Rs3rc9THP4JkOhLsAa+15VdpAqkcUA==}

  '@types/express-serve-static-core@4.19.5':
    resolution: {integrity: sha512-y6W03tvrACO72aijJ5uF02FRq5cgDR9lUxddQ8vyF+GvmjJQqbzDcJngEjURc+ZsG31VI3hODNZJ2URj86pzmg==}

  '@types/express@4.17.21':
    resolution: {integrity: sha512-ejlPM315qwLpaQlQDTjPdsUFSc6ZsP4AN6AlWnogPjQ7CVi7PYF3YVz+CY3jE2pwYf7E/7HlDAN0rV2GxTG0HQ==}

  '@types/http-errors@2.0.4':
    resolution: {integrity: sha512-D0CFMMtydbJAegzOyHjtiKPLlvnm3iTZyZRSZoLq2mRhDdmLfIWOCYPfQJ4cu2erKghU++QvjcUjp/5h7hESpA==}

  '@types/mime@1.3.5':
    resolution: {integrity: sha512-/pyBZWSLD2n0dcHE3hq8s8ZvcETHtEuF+3E7XVt0Ig2nvsVQXdghHVcEkIWjy9A0wKfTn97a/PSDYohKIlnP/w==}

  '@types/node@22.5.3':
    resolution: {integrity: sha512-njripolh85IA9SQGTAqbmnNZTdxv7X/4OYGPz8tgy5JDr8MP+uDBa921GpYEoDDnwm0Hmn5ZPeJgiiSTPoOzkQ==}

  '@types/qs@6.9.15':
    resolution: {integrity: sha512-uXHQKES6DQKKCLh441Xv/dwxOq1TVS3JPUMlEqoEglvlhR6Mxnlew/Xq/LRVHpLyk7iK3zODe1qYHIMltO7XGg==}

  '@types/range-parser@1.2.7':
    resolution: {integrity: sha512-hKormJbkJqzQGhziax5PItDUTMAM9uE2XXQmM37dyd4hVM+5aVl7oVxMVUiVQn2oCQFN/LKCZdvSM0pFRqbSmQ==}

  '@types/send@0.17.4':
    resolution: {integrity: sha512-x2EM6TJOybec7c52BX0ZspPodMsQUd5L6PRwOunVyVUhXiBSKf3AezDL8Dgvgt5o0UfKNfuA0eMLr2wLT4AiBA==}

  '@types/serve-static@1.15.7':
    resolution: {integrity: sha512-W8Ym+h8nhuRwaKPaDw34QUkwsGi6Rc4yYqvKFo5rm2FUEhCFbzVWrxXUxuKK8TASjWsysJY0nsmNCGhCOIsrOw==}

  cors@2.8.5:
    resolution: {integrity: sha512-KIHbLJqu73RGr/hnbrO9uBeixNGuvSQjul/jdFvS/KFSIH1hWVd1ng7zOHx+YrEfInLG7q4n6GHQ9cDtxv/P6g==}
    engines: {node: '>= 0.10'}

  fsevents@2.3.3:
    resolution: {integrity: sha512-5xoDfX+fL7faATnagmWPpbFtwh/R77WmMMqqHGS65C3vvB0YHrgF+B1YmZ3441tMj5n63k0212XNoJwzlhffQw==}
    engines: {node: ^8.16.0 || ^10.6.0 || >=11.0.0}
    os: [darwin]

  object-assign@4.1.1:
    resolution: {integrity: sha512-rJgTQnkUnH1sFw8yT6VSU3zD3sWmu6sZhIseY8VX+GRu3P6F7Fu+JNDoXfklElbLJSnc3FUQHVe4cU5hj+BcUg==}
    engines: {node: '>=0.10.0'}

  prisma@5.19.1:
    resolution: {integrity: sha512-c5K9MiDaa+VAAyh1OiYk76PXOme9s3E992D7kvvIOhCrNsBQfy2mP2QAQtX0WNj140IgG++12kwZpYB9iIydNQ==}
    engines: {node: '>=16.13'}
    hasBin: true

  typescript@5.5.4:
    resolution: {integrity: sha512-Mtq29sKDAEYP7aljRgtPOpTvOfbwRWlS6dPRzwjdE+C0R4brX/GUyhHSecbHMFLNBLcJIPt9nl9yG5TZ1weH+Q==}
    engines: {node: '>=14.17'}
    hasBin: true

  undici-types@6.19.8:
    resolution: {integrity: sha512-ve2KP6f/JnbPBFyobGHuerC9g1FYGn/F8n1LWTwNxCEzd6IfqTwUQcNXgEtmmQ6DlRrC1hrSrBnCZPokRrDHjw==}

  vary@1.1.2:
    resolution: {integrity: sha512-BNGbWLfd0eUPabhkXUVm0j8uuvREyTh5ovRa/dyow/BqAbZJyC+5fU+IzQOzmAKzYqYRAISoRhdQr3eIZ/PXqg==}
    engines: {node: '>= 0.8'}

snapshots:

  '@prisma/client@5.19.1(prisma@5.19.1)':
    optionalDependencies:
      prisma: 5.19.1

  '@prisma/debug@5.19.1': {}

  '@prisma/engines-version@5.19.1-2.69d742ee20b815d88e17e54db4a2a7a3b30324e3': {}

  '@prisma/engines@5.19.1':
    dependencies:
      '@prisma/debug': 5.19.1
      '@prisma/engines-version': 5.19.1-2.69d742ee20b815d88e17e54db4a2a7a3b30324e3
      '@prisma/fetch-engine': 5.19.1
      '@prisma/get-platform': 5.19.1

  '@prisma/fetch-engine@5.19.1':
    dependencies:
      '@prisma/debug': 5.19.1
      '@prisma/engines-version': 5.19.1-2.69d742ee20b815d88e17e54db4a2a7a3b30324e3
      '@prisma/get-platform': 5.19.1

  '@prisma/get-platform@5.19.1':
    dependencies:
      '@prisma/debug': 5.19.1

  '@types/body-parser@1.19.5':
    dependencies:
      '@types/connect': 3.4.38
      '@types/node': 22.5.3

  '@types/connect@3.4.38':
    dependencies:
      '@types/node': 22.5.3

  '@types/cors@2.8.17':
    dependencies:
      '@types/node': 22.5.3

  '@types/express-serve-static-core@4.19.5':
    dependencies:
      '@types/node': 22.5.3
      '@types/qs': 6.9.15
      '@types/range-parser': 1.2.7
      '@types/send': 0.17.4

  '@types/express@4.17.21':
    dependencies:
      '@types/body-parser': 1.19.5
      '@types/express-serve-static-core': 4.19.5
      '@types/qs': 6.9.15
      '@types/serve-static': 1.15.7

  '@types/http-errors@2.0.4': {}

  '@types/mime@1.3.5': {}

  '@types/node@22.5.3':
    dependencies:
      undici-types: 6.19.8

  '@types/qs@6.9.15': {}

  '@types/range-parser@1.2.7': {}

  '@types/send@0.17.4':
    dependencies:
      '@types/mime': 1.3.5
      '@types/node': 22.5.3

  '@types/serve-static@1.15.7':
    dependencies:
      '@types/http-errors': 2.0.4
      '@types/node': 22.5.3
      '@types/send': 0.17.4

  cors@2.8.5:
    dependencies:
      object-assign: 4.1.1
      vary: 1.1.2

  fsevents@2.3.3:
    optional: true

  object-assign@4.1.1: {}

  prisma@5.19.1:
    dependencies:
      '@prisma/engines': 5.19.1
    optionalDependencies:
      fsevents: 2.3.3

  typescript@5.5.4: {}

  undici-types@6.19.8: {}

  vary@1.1.2: {}
